
Microsoft Visual Studio Solution File, Format Version 12.00
# Visual Studio 2012
Project("{8BC9CEB8-8B4A-11D0-8D11-00A0C91BC942}") = "EmbeddedPython3", "EmbeddedPython3.vcxproj", "{A01C2A42-5783-49E2-B382-CD860612D2C3}"
EndProject
Global
	GlobalSection(SolutionConfigurationPlatforms) = preSolution
		Debug|Win32 = Debug|Win32
		Release|Win32 = Release|Win32
	EndGlobalSection
	GlobalSection(ProjectConfigurationPlatforms) = postSolution
		{A01C2A42-5783-49E2-B382-CD860612D2C3}.Debug|Win32.ActiveCfg = Debug|Win32
		{A01C2A42-5783-49E2-B382-CD860612D2C3}.Debug|Win32.Build.0 = Debug|Win32
		{A01C2A42-5783-49E2-B382-CD860612D2C3}.Release|Win32.ActiveCfg = Release|Win32
		{A01C2A42-5783-49E2-B382-CD860612D2C3}.Release|Win32.Build.0 = Release|Win32
	EndGlobalSection
	GlobalSection(SolutionProperties) = preSolution
		HideSolutionNode = FALSE
	EndGlobalSection
EndGlobal
